
Microsoft Visual Studio Solution File, Format Version 12.00
# Visual Studio 15
Project("{FAE04EC0-301F-11D3-BF4B-00C04F79EFBC}") = "ArrayExercises", "ArrayExercises\ArrayExercises.csproj", "{016D0F7D-4A3B-4B0E-9AB9-80C2128867E9}"
EndProject
Project("{FAE04EC0-301F-11D3-BF4B-00C04F79EFBC}") = "DictionaryExercises", "DictionaryExercise\DictionaryExercises.csproj", "{66821011-1289-4A9B-90AA-FB8F9F573A6C}"
EndProject
Project("{FAE04EC0-301F-11D3-BF4B-00C04F79EFBC}") = "ListExercises", "ListExercises\ListExercises.csproj", "{FF1D14AE-4E3D-486F-87F8-2CFB04673E1D}"
EndProject
Project("{FAE04EC0-301F-11D3-BF4B-00C04F79EFBC}") = "StringExercises", "StringExercises\StringExercises.csproj", "{6B03D90B-A564-4EAD-AE85-298C6F213BDC}"
EndProject
Global
	GlobalSection(SolutionConfigurationPlatforms) = preSolution
		Debug|Any CPU = Debug|Any CPU
		Release|Any CPU = Release|Any CPU
	EndGlobalSection
	GlobalSection(ProjectConfigurationPlatforms) = postSolution
		{016D0F7D-4A3B-4B0E-9AB9-80C2128867E9}.Debug|Any CPU.ActiveCfg = Debug|Any CPU
		{016D0F7D-4A3B-4B0E-9AB9-80C2128867E9}.Debug|Any CPU.Build.0 = Debug|Any CPU
		{016D0F7D-4A3B-4B0E-9AB9-80C2128867E9}.Release|Any CPU.ActiveCfg = Release|Any CPU
		{016D0F7D-4A3B-4B0E-9AB9-80C2128867E9}.Release|Any CPU.Build.0 = Release|Any CPU
		{66821011-1289-4A9B-90AA-FB8F9F573A6C}.Debug|Any CPU.ActiveCfg = Debug|Any CPU
		{66821011-1289-4A9B-90AA-FB8F9F573A6C}.Debug|Any CPU.Build.0 = Debug|Any CPU
		{66821011-1289-4A9B-90AA-FB8F9F573A6C}.Release|Any CPU.ActiveCfg = Release|Any CPU
		{66821011-1289-4A9B-90AA-FB8F9F573A6C}.Release|Any CPU.Build.0 = Release|Any CPU
		{FF1D14AE-4E3D-486F-87F8-2CFB04673E1D}.Debug|Any CPU.ActiveCfg = Debug|Any CPU
		{FF1D14AE-4E3D-486F-87F8-2CFB04673E1D}.Debug|Any CPU.Build.0 = Debug|Any CPU
		{FF1D14AE-4E3D-486F-87F8-2CFB04673E1D}.Release|Any CPU.ActiveCfg = Release|Any CPU
		{FF1D14AE-4E3D-486F-87F8-2CFB04673E1D}.Release|Any CPU.Build.0 = Release|Any CPU
		{6B03D90B-A564-4EAD-AE85-298C6F213BDC}.Debug|Any CPU.ActiveCfg = Debug|Any CPU
		{6B03D90B-A564-4EAD-AE85-298C6F213BDC}.Debug|Any CPU.Build.0 = Debug|Any CPU
		{6B03D90B-A564-4EAD-AE85-298C6F213BDC}.Release|Any CPU.ActiveCfg = Release|Any CPU
		{6B03D90B-A564-4EAD-AE85-298C6F213BDC}.Release|Any CPU.Build.0 = Release|Any CPU
	EndGlobalSection
EndGlobal
